github.com/google/flatbuffers v23.5.26+incompatible h1:M9dgRyhJemaM4Sw8+66GHBu8ioaQmyPLg1b8VwK5WJg=
github.com/google/flatbuffers v23.5.26+incompatible/go.mod h1:1AeVuKshWv4vARoZatz6mlQ0JxURH0Kv5+zNeJKJCa8=
github.com/vlabo/portmaster_windows_rust_kext/kext_interface v0.0.0-20230926223220-00e6ae52b8fc h1:mnKRkTxO6byXYQj7+nJfjg60e1c/T06dmZdPHxyshH0=
github.com/vlabo/portmaster_windows_rust_kext/kext_interface v0.0.0-20230926223220-00e6ae52b8fc/go.mod h1:2d3nxxLxinpv5+JbfXsQ2Rmu9zzsIpSbeFuhq4Nx4/o=
golang.org/x/sys v0.12.0 h1:CM0HF96J0hcLAwsHPJZjfdNzs0gftsLfgKt57wWHJ0o=
golang.org/x/sys v0.12.0/go.mod h1:oPkhp1MJrh7nUepCBck5+mAzfO9JrbApNNgaTdGDITg=
